
Microsoft Visual Studio Solution File, Format Version 12.00
# Visual Studio Version 17
VisualStudioVersion = 17.5.33516.290
MinimumVisualStudioVersion = 10.0.40219.1
Project("{9A19103F-16F7-4668-BE54-9A1E7A4F7556}") = "ScientaScheduler", "ScientaScheduler\ScientaScheduler.csproj", "{0BF468FB-1831-401C-92F2-B5630563AF37}"
EndProject
Project("{9A19103F-16F7-4668-BE54-9A1E7A4F7556}") = "ScientaScheduler.Authentication", "ScientaScheduler.Authentication\ScientaScheduler.Authentication.csproj", "{917AC1F6-1B4D-4FAB-ABD4-ED642C918AC9}"
EndProject
Project("{2150E333-8FDC-42A3-9474-1A3956D46DE8}") = "Project Logs", "Project Logs", "{37650B3F-2F97-4B13-9510-C85900EF8F4E}"
	ProjectSection(SolutionItems) = preProject
		C:\Users\g.vardal\Desktop\ScientaScheduler.Blazor.jpg = C:\Users\g.vardal\Desktop\ScientaScheduler.Blazor.jpg
		ToDos List.txt = ToDos List.txt
	EndProjectSection
EndProject
Project("{9A19103F-16F7-4668-BE54-9A1E7A4F7556}") = "ScientaScheduler.Business", "ScientaScheduler.Business\ScientaScheduler.Business.csproj", "{26624104-5CED-45F8-8596-9DF42055968D}"
EndProject
Project("{9A19103F-16F7-4668-BE54-9A1E7A4F7556}") = "ScientaScheduler.Core", "ScientaScheduler.Core\ScientaScheduler.Core.csproj", "{5E3DBF2B-BCE4-4105-A2A7-F65139E907A0}"
EndProject
Project("{9A19103F-16F7-4668-BE54-9A1E7A4F7556}") = "ScientaSchedurler.Application", "ScientaSchedurler.Application\ScientaSchedurler.Application.csproj", "{B3295D96-4D25-48A9-B529-85270DB28275}"
EndProject
Project("{9A19103F-16F7-4668-BE54-9A1E7A4F7556}") = "ScientaScheduler.BlazorApp", "ScientaScheduler.BlazorApp\ScientaScheduler.BlazorApp.csproj", "{37148F5E-0BD0-425A-9A22-78EC72514E42}"
EndProject
Project("{9A19103F-16F7-4668-BE54-9A1E7A4F7556}") = "ScientaScheduler.Blazor.Library", "ScinetaScheduler.Blazor.Library\ScientaScheduler.Blazor.Library.csproj", "{24044C08-9FC0-47BC-B62C-4CBD7B08CEC9}"
EndProject
Global
	GlobalSection(SolutionConfigurationPlatforms) = preSolution
		Debug|Any CPU = Debug|Any CPU
		Release|Any CPU = Release|Any CPU
	EndGlobalSection
	GlobalSection(ProjectConfigurationPlatforms) = postSolution
		{0BF468FB-1831-401C-92F2-B5630563AF37}.Debug|Any CPU.ActiveCfg = Debug|Any CPU
		{0BF468FB-1831-401C-92F2-B5630563AF37}.Debug|Any CPU.Build.0 = Debug|Any CPU
		{0BF468FB-1831-401C-92F2-B5630563AF37}.Release|Any CPU.ActiveCfg = Release|Any CPU
		{0BF468FB-1831-401C-92F2-B5630563AF37}.Release|Any CPU.Build.0 = Release|Any CPU
		{917AC1F6-1B4D-4FAB-ABD4-ED642C918AC9}.Debug|Any CPU.ActiveCfg = Debug|Any CPU
		{917AC1F6-1B4D-4FAB-ABD4-ED642C918AC9}.Debug|Any CPU.Build.0 = Debug|Any CPU
		{917AC1F6-1B4D-4FAB-ABD4-ED642C918AC9}.Release|Any CPU.ActiveCfg = Release|Any CPU
		{917AC1F6-1B4D-4FAB-ABD4-ED642C918AC9}.Release|Any CPU.Build.0 = Release|Any CPU
		{26624104-5CED-45F8-8596-9DF42055968D}.Debug|Any CPU.ActiveCfg = Debug|Any CPU
		{26624104-5CED-45F8-8596-9DF42055968D}.Debug|Any CPU.Build.0 = Debug|Any CPU
		{26624104-5CED-45F8-8596-9DF42055968D}.Release|Any CPU.ActiveCfg = Release|Any CPU
		{26624104-5CED-45F8-8596-9DF42055968D}.Release|Any CPU.Build.0 = Release|Any CPU
		{5E3DBF2B-BCE4-4105-A2A7-F65139E907A0}.Debug|Any CPU.ActiveCfg = Debug|Any CPU
		{5E3DBF2B-BCE4-4105-A2A7-F65139E907A0}.Debug|Any CPU.Build.0 = Debug|Any CPU
		{5E3DBF2B-BCE4-4105-A2A7-F65139E907A0}.Release|Any CPU.ActiveCfg = Release|Any CPU
		{5E3DBF2B-BCE4-4105-A2A7-F65139E907A0}.Release|Any CPU.Build.0 = Release|Any CPU
		{B3295D96-4D25-48A9-B529-85270DB28275}.Debug|Any CPU.ActiveCfg = Debug|Any CPU
		{B3295D96-4D25-48A9-B529-85270DB28275}.Debug|Any CPU.Build.0 = Debug|Any CPU
		{B3295D96-4D25-48A9-B529-85270DB28275}.Release|Any CPU.ActiveCfg = Release|Any CPU
		{B3295D96-4D25-48A9-B529-85270DB28275}.Release|Any CPU.Build.0 = Release|Any CPU
		{37148F5E-0BD0-425A-9A22-78EC72514E42}.Debug|Any CPU.ActiveCfg = Debug|Any CPU
		{37148F5E-0BD0-425A-9A22-78EC72514E42}.Debug|Any CPU.Build.0 = Debug|Any CPU
		{37148F5E-0BD0-425A-9A22-78EC72514E42}.Release|Any CPU.ActiveCfg = Release|Any CPU
		{37148F5E-0BD0-425A-9A22-78EC72514E42}.Release|Any CPU.Build.0 = Release|Any CPU
		{24044C08-9FC0-47BC-B62C-4CBD7B08CEC9}.Debug|Any CPU.ActiveCfg = Debug|Any CPU
		{24044C08-9FC0-47BC-B62C-4CBD7B08CEC9}.Debug|Any CPU.Build.0 = Debug|Any CPU
		{24044C08-9FC0-47BC-B62C-4CBD7B08CEC9}.Release|Any CPU.ActiveCfg = Release|Any CPU
		{24044C08-9FC0-47BC-B62C-4CBD7B08CEC9}.Release|Any CPU.Build.0 = Release|Any CPU
	EndGlobalSection
	GlobalSection(SolutionProperties) = preSolution
		HideSolutionNode = FALSE
	EndGlobalSection
	GlobalSection(ExtensibilityGlobals) = postSolution
		SolutionGuid = {D9426280-B7C4-447A-B783-02F16A2A8705}
	EndGlobalSection
EndGlobal
